
Microsoft Visual Studio Solution File, Format Version 10.00
# Visual Studio 2008
Project("{8BC9CEB8-8B4A-11D0-8D11-00A0C91BC942}") = "ScanningIPIN_Val", "ScanningIPIN_Val\ScanningIPIN_Val.vcproj", "{0E778278-21E9-4570-9304-9AF7E0F2535B}"
EndProject
Global
	GlobalSection(SolutionConfigurationPlatforms) = preSolution
		Debug|Win32 = Debug|Win32
		Release|Win32 = Release|Win32
	EndGlobalSection
	GlobalSection(ProjectConfigurationPlatforms) = postSolution
		{0E778278-21E9-4570-9304-9AF7E0F2535B}.Debug|Win32.ActiveCfg = Debug|Win32
		{0E778278-21E9-4570-9304-9AF7E0F2535B}.Debug|Win32.Build.0 = Debug|Win32
		{0E778278-21E9-4570-9304-9AF7E0F2535B}.Release|Win32.ActiveCfg = Release|Win32
		{0E778278-21E9-4570-9304-9AF7E0F2535B}.Release|Win32.Build.0 = Release|Win32
	EndGlobalSection
	GlobalSection(SolutionProperties) = preSolution
		HideSolutionNode = FALSE
	EndGlobalSection
EndGlobal
